
Microsoft Visual Studio Solution File, Format Version 12.00
# Visual Studio 15
VisualStudioVersion = 15.0.27130.2010
MinimumVisualStudioVersion = 10.0.40219.1
Project("{FAE04EC0-301F-11D3-BF4B-00C04F79EFBC}") = "Business IoT Thermostat", "Business IoT Thermostat\Business IoT Thermostat.csproj", "{AAD5A885-060E-4E8F-BB6C-70FA8B118C45}"
EndProject
Global
	GlobalSection(SolutionConfigurationPlatforms) = preSolution
		Debug|Any CPU = Debug|Any CPU
		Release|Any CPU = Release|Any CPU
	EndGlobalSection
	GlobalSection(ProjectConfigurationPlatforms) = postSolution
		{AAD5A885-060E-4E8F-BB6C-70FA8B118C45}.Debug|Any CPU.ActiveCfg = Debug|Any CPU
		{AAD5A885-060E-4E8F-BB6C-70FA8B118C45}.Debug|Any CPU.Build.0 = Debug|Any CPU
		{AAD5A885-060E-4E8F-BB6C-70FA8B118C45}.Release|Any CPU.ActiveCfg = Release|Any CPU
		{AAD5A885-060E-4E8F-BB6C-70FA8B118C45}.Release|Any CPU.Build.0 = Release|Any CPU
	EndGlobalSection
	GlobalSection(SolutionProperties) = preSolution
		HideSolutionNode = FALSE
	EndGlobalSection
	GlobalSection(ExtensibilityGlobals) = postSolution
		SolutionGuid = {D3E1672C-5599-4E35-96AC-47BB591291D0}
	EndGlobalSection
EndGlobal
